// !$*UTF8*$!
{
	archiveVersion = 1;
	classes = {
	};
	objectVersion = 56;
	objects = {

/* Begin PBXBuildFile section */
		A12D52182BAE7F25000B08D4 /* ReactorKit in Frameworks */ = {isa = PBXBuildFile; productRef = A12D52172BAE7F25000B08D4 /* ReactorKit */; };
		A12D521B2BAE7F3E000B08D4 /* SnapKit in Frameworks */ = {isa = PBXBuildFile; productRef = A12D521A2BAE7F3E000B08D4 /* SnapKit */; };
		A12D521E2BAE7F4B000B08D4 /* RxBlocking in Frameworks */ = {isa = PBXBuildFile; productRef = A12D521D2BAE7F4B000B08D4 /* RxBlocking */; };
		A12D52202BAE7F4B000B08D4 /* RxCocoa in Frameworks */ = {isa = PBXBuildFile; productRef = A12D521F2BAE7F4B000B08D4 /* RxCocoa */; };
		A12D52222BAE7F4B000B08D4 /* RxRelay in Frameworks */ = {isa = PBXBuildFile; productRef = A12D52212BAE7F4B000B08D4 /* RxRelay */; };
		A12D52252BAE8296000B08D4 /* RxKeyboard in Frameworks */ = {isa = PBXBuildFile; productRef = A12D52242BAE8296000B08D4 /* RxKeyboard */; };
		A12D52272BAE82D4000B08D4 /* LoginService.swift in Sources */ = {isa = PBXBuildFile; fileRef = A12D52262BAE82D4000B08D4 /* LoginService.swift */; };
		A13617592BAFBDE200113997 /* QurationUserInfoVC.swift in Sources */ = {isa = PBXBuildFile; fileRef = A13617582BAFBDE200113997 /* QurationUserInfoVC.swift */; };
		A136175B2BAFBE0C00113997 /* QurtionUserInfoView.swift in Sources */ = {isa = PBXBuildFile; fileRef = A136175A2BAFBE0C00113997 /* QurtionUserInfoView.swift */; };
		A136175D2BAFBE1E00113997 /* QurtionUserInfoReactor.swift in Sources */ = {isa = PBXBuildFile; fileRef = A136175C2BAFBE1E00113997 /* QurtionUserInfoReactor.swift */; };
		A15C25BF2BAFD734007AA1E7 /* Alamofire in Frameworks */ = {isa = PBXBuildFile; productRef = A15C25BE2BAFD734007AA1E7 /* Alamofire */; };
		A15C25C22BAFD812007AA1E7 /* TabBarVC.swift in Sources */ = {isa = PBXBuildFile; fileRef = A15C25C12BAFD812007AA1E7 /* TabBarVC.swift */; };
		A1C3A2522BADD922000A41FD /* AppDelegate.swift in Sources */ = {isa = PBXBuildFile; fileRef = A1C3A2512BADD922000A41FD /* AppDelegate.swift */; };
		A1C3A2542BADD922000A41FD /* SceneDelegate.swift in Sources */ = {isa = PBXBuildFile; fileRef = A1C3A2532BADD922000A41FD /* SceneDelegate.swift */; };
		A1C3A2562BADD922000A41FD /* LaunchViewController.swift in Sources */ = {isa = PBXBuildFile; fileRef = A1C3A2552BADD922000A41FD /* LaunchViewController.swift */; };
		A1C3A25B2BADD923000A41FD /* Assets.xcassets in Resources */ = {isa = PBXBuildFile; fileRef = A1C3A25A2BADD923000A41FD /* Assets.xcassets */; };
		A1C3A25E2BADD923000A41FD /* Base in Resources */ = {isa = PBXBuildFile; fileRef = A1C3A25D2BADD923000A41FD /* Base */; };
		A1C3A2692BADD924000A41FD /* sonmongTests.swift in Sources */ = {isa = PBXBuildFile; fileRef = A1C3A2682BADD924000A41FD /* sonmongTests.swift */; };
		A1C3A2732BADD924000A41FD /* sonmongUITests.swift in Sources */ = {isa = PBXBuildFile; fileRef = A1C3A2722BADD924000A41FD /* sonmongUITests.swift */; };
		A1C3A2752BADD924000A41FD /* sonmongUITestsLaunchTests.swift in Sources */ = {isa = PBXBuildFile; fileRef = A1C3A2742BADD924000A41FD /* sonmongUITestsLaunchTests.swift */; };
		A1CFB0B72BAEEBAE00BAABC8 /* RxOptional in Frameworks */ = {isa = PBXBuildFile; productRef = A1CFB0B62BAEEBAE00BAABC8 /* RxOptional */; };
		A1CFB0B92BAEEBF200BAABC8 /* RegisterUserVC.swift in Sources */ = {isa = PBXBuildFile; fileRef = A1CFB0B82BAEEBF200BAABC8 /* RegisterUserVC.swift */; };
		A1CFB0BB2BAEEC1800BAABC8 /* RegisterUserView.swift in Sources */ = {isa = PBXBuildFile; fileRef = A1CFB0BA2BAEEC1800BAABC8 /* RegisterUserView.swift */; };
		A1CFB0BD2BAEEC3200BAABC8 /* RegisterUserReactor.swift in Sources */ = {isa = PBXBuildFile; fileRef = A1CFB0BC2BAEEC3200BAABC8 /* RegisterUserReactor.swift */; };
		A1CFB0BF2BAEECC700BAABC8 /* Constant.swift in Sources */ = {isa = PBXBuildFile; fileRef = A1CFB0BE2BAEECC700BAABC8 /* Constant.swift */; };
		A1CFB0C42BAEF10800BAABC8 /* APIResponse.swift in Sources */ = {isa = PBXBuildFile; fileRef = A1CFB0C32BAEF10800BAABC8 /* APIResponse.swift */; };
		A1CFB0C62BAEF17700BAABC8 /* APIService.swift in Sources */ = {isa = PBXBuildFile; fileRef = A1CFB0C52BAEF17700BAABC8 /* APIService.swift */; };
		A1CFB0C92BAEF4D500BAABC8 /* RxAlamofire in Frameworks */ = {isa = PBXBuildFile; productRef = A1CFB0C82BAEF4D500BAABC8 /* RxAlamofire */; };
		A1CFB0D12BAEFB7300BAABC8 /* User.swift in Sources */ = {isa = PBXBuildFile; fileRef = A1CFB0D02BAEFB7300BAABC8 /* User.swift */; };
		A1EE02422BAE7C75008EE352 /* LoginVC.swift in Sources */ = {isa = PBXBuildFile; fileRef = A1EE02412BAE7C75008EE352 /* LoginVC.swift */; };
		A1EE02442BAE7C7B008EE352 /* LoginView.swift in Sources */ = {isa = PBXBuildFile; fileRef = A1EE02432BAE7C7B008EE352 /* LoginView.swift */; };
		A1EE02492BAE7DC5008EE352 /* LoginReactor.swift in Sources */ = {isa = PBXBuildFile; fileRef = A1EE02482BAE7DC5008EE352 /* LoginReactor.swift */; };
/* End PBXBuildFile section */

/* Begin PBXContainerItemProxy section */
		A1C3A2652BADD924000A41FD /* PBXContainerItemProxy */ = {
			isa = PBXContainerItemProxy;
			containerPortal = A1C3A2462BADD922000A41FD /* Project object */;
			proxyType = 1;
			remoteGlobalIDString = A1C3A24D2BADD922000A41FD;
			remoteInfo = sonmong;
		};
		A1C3A26F2BADD924000A41FD /* PBXContainerItemProxy */ = {
			isa = PBXContainerItemProxy;
			containerPortal = A1C3A2462BADD922000A41FD /* Project object */;
			proxyType = 1;
			remoteGlobalIDString = A1C3A24D2BADD922000A41FD;
			remoteInfo = sonmong;
		};
/* End PBXContainerItemProxy section */

/* Begin PBXFileReference section */
		A12D52262BAE82D4000B08D4 /* LoginService.swift */ = {isa = PBXFileReference; lastKnownFileType = sourcecode.swift; path = LoginService.swift; sourceTree = "<group>"; };
		A13617582BAFBDE200113997 /* QurationUserInfoVC.swift */ = {isa = PBXFileReference; lastKnownFileType = sourcecode.swift; path = QurationUserInfoVC.swift; sourceTree = "<group>"; };
		A136175A2BAFBE0C00113997 /* QurtionUserInfoView.swift */ = {isa = PBXFileReference; lastKnownFileType = sourcecode.swift; path = QurtionUserInfoView.swift; sourceTree = "<group>"; };
		A136175C2BAFBE1E00113997 /* QurtionUserInfoReactor.swift */ = {isa = PBXFileReference; lastKnownFileType = sourcecode.swift; path = QurtionUserInfoReactor.swift; sourceTree = "<group>"; };
		A15C25C12BAFD812007AA1E7 /* TabBarVC.swift */ = {isa = PBXFileReference; lastKnownFileType = sourcecode.swift; path = TabBarVC.swift; sourceTree = "<group>"; };
		A1C3A24E2BADD922000A41FD /* sonmong.app */ = {isa = PBXFileReference; explicitFileType = wrapper.application; includeInIndex = 0; path = sonmong.app; sourceTree = BUILT_PRODUCTS_DIR; };
		A1C3A2512BADD922000A41FD /* AppDelegate.swift */ = {isa = PBXFileReference; lastKnownFileType = sourcecode.swift; path = AppDelegate.swift; sourceTree = "<group>"; };
		A1C3A2532BADD922000A41FD /* SceneDelegate.swift */ = {isa = PBXFileReference; lastKnownFileType = sourcecode.swift; path = SceneDelegate.swift; sourceTree = "<group>"; };
		A1C3A2552BADD922000A41FD /* LaunchViewController.swift */ = {isa = PBXFileReference; lastKnownFileType = sourcecode.swift; path = LaunchViewController.swift; sourceTree = "<group>"; };
		A1C3A25A2BADD923000A41FD /* Assets.xcassets */ = {isa = PBXFileReference; lastKnownFileType = folder.assetcatalog; path = Assets.xcassets; sourceTree = "<group>"; };
		A1C3A25D2BADD923000A41FD /* Base */ = {isa = PBXFileReference; lastKnownFileType = file.storyboard; name = Base; path = Base.lproj/LaunchScreen.storyboard; sourceTree = "<group>"; };
		A1C3A25F2BADD923000A41FD /* Info.plist */ = {isa = PBXFileReference; lastKnownFileType = text.plist.xml; path = Info.plist; sourceTree = "<group>"; };
		A1C3A2642BADD924000A41FD /* sonmongTests.xctest */ = {isa = PBXFileReference; explicitFileType = wrapper.cfbundle; includeInIndex = 0; path = sonmongTests.xctest; sourceTree = BUILT_PRODUCTS_DIR; };
		A1C3A2682BADD924000A41FD /* sonmongTests.swift */ = {isa = PBXFileReference; lastKnownFileType = sourcecode.swift; path = sonmongTests.swift; sourceTree = "<group>"; };
		A1C3A26E2BADD924000A41FD /* sonmongUITests.xctest */ = {isa = PBXFileReference; explicitFileType = wrapper.cfbundle; includeInIndex = 0; path = sonmongUITests.xctest; sourceTree = BUILT_PRODUCTS_DIR; };
		A1C3A2722BADD924000A41FD /* sonmongUITests.swift */ = {isa = PBXFileReference; lastKnownFileType = sourcecode.swift; path = sonmongUITests.swift; sourceTree = "<group>"; };
		A1C3A2742BADD924000A41FD /* sonmongUITestsLaunchTests.swift */ = {isa = PBXFileReference; lastKnownFileType = sourcecode.swift; path = sonmongUITestsLaunchTests.swift; sourceTree = "<group>"; };
		A1CFB0B82BAEEBF200BAABC8 /* RegisterUserVC.swift */ = {isa = PBXFileReference; lastKnownFileType = sourcecode.swift; path = RegisterUserVC.swift; sourceTree = "<group>"; };
		A1CFB0BA2BAEEC1800BAABC8 /* RegisterUserView.swift */ = {isa = PBXFileReference; lastKnownFileType = sourcecode.swift; path = RegisterUserView.swift; sourceTree = "<group>"; };
		A1CFB0BC2BAEEC3200BAABC8 /* RegisterUserReactor.swift */ = {isa = PBXFileReference; lastKnownFileType = sourcecode.swift; path = RegisterUserReactor.swift; sourceTree = "<group>"; };
		A1CFB0BE2BAEECC700BAABC8 /* Constant.swift */ = {isa = PBXFileReference; lastKnownFileType = sourcecode.swift; path = Constant.swift; sourceTree = "<group>"; };
		A1CFB0C32BAEF10800BAABC8 /* APIResponse.swift */ = {isa = PBXFileReference; lastKnownFileType = sourcecode.swift; path = APIResponse.swift; sourceTree = "<group>"; };
		A1CFB0C52BAEF17700BAABC8 /* APIService.swift */ = {isa = PBXFileReference; lastKnownFileType = sourcecode.swift; path = APIService.swift; sourceTree = "<group>"; };
		A1CFB0D02BAEFB7300BAABC8 /* User.swift */ = {isa = PBXFileReference; lastKnownFileType = sourcecode.swift; path = User.swift; sourceTree = "<group>"; };
		A1EE02412BAE7C75008EE352 /* LoginVC.swift */ = {isa = PBXFileReference; lastKnownFileType = sourcecode.swift; path = LoginVC.swift; sourceTree = "<group>"; };
		A1EE02432BAE7C7B008EE352 /* LoginView.swift */ = {isa = PBXFileReference; lastKnownFileType = sourcecode.swift; path = LoginView.swift; sourceTree = "<group>"; };
		A1EE02482BAE7DC5008EE352 /* LoginReactor.swift */ = {isa = PBXFileReference; lastKnownFileType = sourcecode.swift; path = LoginReactor.swift; sourceTree = "<group>"; };
/* End PBXFileReference section */

/* Begin PBXFrameworksBuildPhase section */
		A1C3A24B2BADD922000A41FD /* Frameworks */ = {
			isa = PBXFrameworksBuildPhase;
			buildActionMask = 2147483647;
			files = (
				A15C25BF2BAFD734007AA1E7 /* Alamofire in Frameworks */,
				A1CFB0B72BAEEBAE00BAABC8 /* RxOptional in Frameworks */,
				A12D52222BAE7F4B000B08D4 /* RxRelay in Frameworks */,
				A12D52252BAE8296000B08D4 /* RxKeyboard in Frameworks */,
				A12D52182BAE7F25000B08D4 /* ReactorKit in Frameworks */,
				A12D521E2BAE7F4B000B08D4 /* RxBlocking in Frameworks */,
				A1CFB0C92BAEF4D500BAABC8 /* RxAlamofire in Frameworks */,
				A12D52202BAE7F4B000B08D4 /* RxCocoa in Frameworks */,
				A12D521B2BAE7F3E000B08D4 /* SnapKit in Frameworks */,
			);
			runOnlyForDeploymentPostprocessing = 0;
		};
		A1C3A2612BADD924000A41FD /* Frameworks */ = {
			isa = PBXFrameworksBuildPhase;
			buildActionMask = 2147483647;
			files = (
			);
			runOnlyForDeploymentPostprocessing = 0;
		};
		A1C3A26B2BADD924000A41FD /* Frameworks */ = {
			isa = PBXFrameworksBuildPhase;
			buildActionMask = 2147483647;
			files = (
			);
			runOnlyForDeploymentPostprocessing = 0;
		};
/* End PBXFrameworksBuildPhase section */

/* Begin PBXGroup section */
		A13617572BAFBDC200113997 /* Quration */ = {
			isa = PBXGroup;
			children = (
				A13617582BAFBDE200113997 /* QurationUserInfoVC.swift */,
				A136175A2BAFBE0C00113997 /* QurtionUserInfoView.swift */,
				A136175C2BAFBE1E00113997 /* QurtionUserInfoReactor.swift */,
			);
			path = Quration;
			sourceTree = "<group>";
		};
		A15C25C02BAFD807007AA1E7 /* Main */ = {
			isa = PBXGroup;
			children = (
				A15C25C12BAFD812007AA1E7 /* TabBarVC.swift */,
			);
			path = Main;
			sourceTree = "<group>";
		};
		A1C3A2452BADD922000A41FD = {
			isa = PBXGroup;
			children = (
				A1C3A2502BADD922000A41FD /* sonmong */,
				A1C3A2672BADD924000A41FD /* sonmongTests */,
				A1C3A2712BADD924000A41FD /* sonmongUITests */,
				A1C3A24F2BADD922000A41FD /* Products */,
			);
			sourceTree = "<group>";
		};
		A1C3A24F2BADD922000A41FD /* Products */ = {
			isa = PBXGroup;
			children = (
				A1C3A24E2BADD922000A41FD /* sonmong.app */,
				A1C3A2642BADD924000A41FD /* sonmongTests.xctest */,
				A1C3A26E2BADD924000A41FD /* sonmongUITests.xctest */,
			);
			name = Products;
			sourceTree = "<group>";
		};
		A1C3A2502BADD922000A41FD /* sonmong */ = {
			isa = PBXGroup;
			children = (
				A15C25C02BAFD807007AA1E7 /* Main */,
				A13617572BAFBDC200113997 /* Quration */,
				A1CFB0CF2BAEFB5400BAABC8 /* Model */,
				A1CFB0C22BAEF0FC00BAABC8 /* Supporting */,
				A1EE02402BAE7C66008EE352 /* Login */,
				A1C3A2512BADD922000A41FD /* AppDelegate.swift */,
				A1C3A2532BADD922000A41FD /* SceneDelegate.swift */,
				A1C3A2552BADD922000A41FD /* LaunchViewController.swift */,
				A1C3A25A2BADD923000A41FD /* Assets.xcassets */,
				A1C3A25C2BADD923000A41FD /* LaunchScreen.storyboard */,
				A1C3A25F2BADD923000A41FD /* Info.plist */,
				A1CFB0BE2BAEECC700BAABC8 /* Constant.swift */,
			);
			path = sonmong;
			sourceTree = "<group>";
		};
		A1C3A2672BADD924000A41FD /* sonmongTests */ = {
			isa = PBXGroup;
			children = (
				A1C3A2682BADD924000A41FD /* sonmongTests.swift */,
			);
			path = sonmongTests;
			sourceTree = "<group>";
		};
		A1C3A2712BADD924000A41FD /* sonmongUITests */ = {
			isa = PBXGroup;
			children = (
				A1C3A2722BADD924000A41FD /* sonmongUITests.swift */,
				A1C3A2742BADD924000A41FD /* sonmongUITestsLaunchTests.swift */,
			);
			path = sonmongUITests;
			sourceTree = "<group>";
		};
		A1CFB0C22BAEF0FC00BAABC8 /* Supporting */ = {
			isa = PBXGroup;
			children = (
				A1CFB0C32BAEF10800BAABC8 /* APIResponse.swift */,
				A1CFB0C52BAEF17700BAABC8 /* APIService.swift */,
			);
			path = Supporting;
			sourceTree = "<group>";
		};
		A1CFB0CF2BAEFB5400BAABC8 /* Model */ = {
			isa = PBXGroup;
			children = (
				A1CFB0D02BAEFB7300BAABC8 /* User.swift */,
			);
			path = Model;
			sourceTree = "<group>";
		};
		A1EE02402BAE7C66008EE352 /* Login */ = {
			isa = PBXGroup;
			children = (
				A1EE02412BAE7C75008EE352 /* LoginVC.swift */,
				A1EE02432BAE7C7B008EE352 /* LoginView.swift */,
				A1EE02482BAE7DC5008EE352 /* LoginReactor.swift */,
				A12D52262BAE82D4000B08D4 /* LoginService.swift */,
				A1CFB0B82BAEEBF200BAABC8 /* RegisterUserVC.swift */,
				A1CFB0BA2BAEEC1800BAABC8 /* RegisterUserView.swift */,
				A1CFB0BC2BAEEC3200BAABC8 /* RegisterUserReactor.swift */,
			);
			path = Login;
			sourceTree = "<group>";
		};
/* End PBXGroup section */

/* Begin PBXNativeTarget section */
		A1C3A24D2BADD922000A41FD /* sonmong */ = {
			isa = PBXNativeTarget;
			buildConfigurationList = A1C3A2782BADD924000A41FD /* Build configuration list for PBXNativeTarget "sonmong" */;
			buildPhases = (
				A1C3A24A2BADD922000A41FD /* Sources */,
				A1C3A24B2BADD922000A41FD /* Frameworks */,
				A1C3A24C2BADD922000A41FD /* Resources */,
			);
			buildRules = (
			);
			dependencies = (
			);
			name = sonmong;
			packageProductDependencies = (
				A12D52172BAE7F25000B08D4 /* ReactorKit */,
				A12D521A2BAE7F3E000B08D4 /* SnapKit */,
				A12D521D2BAE7F4B000B08D4 /* RxBlocking */,
				A12D521F2BAE7F4B000B08D4 /* RxCocoa */,
				A12D52212BAE7F4B000B08D4 /* RxRelay */,
				A12D52242BAE8296000B08D4 /* RxKeyboard */,
				A1CFB0B62BAEEBAE00BAABC8 /* RxOptional */,
				A1CFB0C82BAEF4D500BAABC8 /* RxAlamofire */,
				A15C25BE2BAFD734007AA1E7 /* Alamofire */,
			);
			productName = sonmong;
			productReference = A1C3A24E2BADD922000A41FD /* sonmong.app */;
			productType = "com.apple.product-type.application";
		};
		A1C3A2632BADD924000A41FD /* sonmongTests */ = {
			isa = PBXNativeTarget;
			buildConfigurationList = A1C3A27B2BADD924000A41FD /* Build configuration list for PBXNativeTarget "sonmongTests" */;
			buildPhases = (
				A1C3A2602BADD924000A41FD /* Sources */,
				A1C3A2612BADD924000A41FD /* Frameworks */,
				A1C3A2622BADD924000A41FD /* Resources */,
			);
			buildRules = (
			);
			dependencies = (
				A1C3A2662BADD924000A41FD /* PBXTargetDependency */,
			);
			name = sonmongTests;
			productName = sonmongTests;
			productReference = A1C3A2642BADD924000A41FD /* sonmongTests.xctest */;
			productType = "com.apple.product-type.bundle.unit-test";
		};
		A1C3A26D2BADD924000A41FD /* sonmongUITests */ = {
			isa = PBXNativeTarget;
			buildConfigurationList = A1C3A27E2BADD924000A41FD /* Build configuration list for PBXNativeTarget "sonmongUITests" */;
			buildPhases = (
				A1C3A26A2BADD924000A41FD /* Sources */,
				A1C3A26B2BADD924000A41FD /* Frameworks */,
				A1C3A26C2BADD924000A41FD /* Resources */,
			);
			buildRules = (
			);
			dependencies = (
				A1C3A2702BADD924000A41FD /* PBXTargetDependency */,
			);
			name = sonmongUITests;
			productName = sonmongUITests;
			productReference = A1C3A26E2BADD924000A41FD /* sonmongUITests.xctest */;
			productType = "com.apple.product-type.bundle.ui-testing";
		};
/* End PBXNativeTarget section */

/* Begin PBXProject section */
		A1C3A2462BADD922000A41FD /* Project object */ = {
			isa = PBXProject;
			attributes = {
				BuildIndependentTargetsInParallel = 1;
				LastSwiftUpdateCheck = 1530;
				LastUpgradeCheck = 1530;
				TargetAttributes = {
					A1C3A24D2BADD922000A41FD = {
						CreatedOnToolsVersion = 15.3;
					};
					A1C3A2632BADD924000A41FD = {
						CreatedOnToolsVersion = 15.3;
						TestTargetID = A1C3A24D2BADD922000A41FD;
					};
					A1C3A26D2BADD924000A41FD = {
						CreatedOnToolsVersion = 15.3;
						TestTargetID = A1C3A24D2BADD922000A41FD;
					};
				};
			};
			buildConfigurationList = A1C3A2492BADD922000A41FD /* Build configuration list for PBXProject "sonmong" */;
			compatibilityVersion = "Xcode 14.0";
			developmentRegion = en;
			hasScannedForEncodings = 0;
			knownRegions = (
				en,
				Base,
			);
			mainGroup = A1C3A2452BADD922000A41FD;
			packageReferences = (
				A12D52162BAE7F25000B08D4 /* XCRemoteSwiftPackageReference "ReactorKit" */,
				A12D52192BAE7F3E000B08D4 /* XCRemoteSwiftPackageReference "SnapKit" */,
				A12D521C2BAE7F4B000B08D4 /* XCRemoteSwiftPackageReference "RxSwift" */,
				A12D52232BAE8296000B08D4 /* XCRemoteSwiftPackageReference "RxKeyboard" */,
				A1CFB0B52BAEEBAE00BAABC8 /* XCRemoteSwiftPackageReference "RxOptional" */,
				A1CFB0C72BAEF4D500BAABC8 /* XCRemoteSwiftPackageReference "RxAlamofire" */,
				A15C25BD2BAFD734007AA1E7 /* XCRemoteSwiftPackageReference "Alamofire" */,
			);
			productRefGroup = A1C3A24F2BADD922000A41FD /* Products */;
			projectDirPath = "";
			projectRoot = "";
			targets = (
				A1C3A24D2BADD922000A41FD /* sonmong */,
				A1C3A2632BADD924000A41FD /* sonmongTests */,
				A1C3A26D2BADD924000A41FD /* sonmongUITests */,
			);
		};
/* End PBXProject section */

/* Begin PBXResourcesBuildPhase section */
		A1C3A24C2BADD922000A41FD /* Resources */ = {
			isa = PBXResourcesBuildPhase;
			buildActionMask = 2147483647;
			files = (
				A1C3A25B2BADD923000A41FD /* Assets.xcassets in Resources */,
				A1C3A25E2BADD923000A41FD /* Base in Resources */,
			);
			runOnlyForDeploymentPostprocessing = 0;
		};
		A1C3A2622BADD924000A41FD /* Resources */ = {
			isa = PBXResourcesBuildPhase;
			buildActionMask = 2147483647;
			files = (
			);
			runOnlyForDeploymentPostprocessing = 0;
		};
		A1C3A26C2BADD924000A41FD /* Resources */ = {
			isa = PBXResourcesBuildPhase;
			buildActionMask = 2147483647;
			files = (
			);
			runOnlyForDeploymentPostprocessing = 0;
		};
/* End PBXResourcesBuildPhase section */

/* Begin PBXSourcesBuildPhase section */
		A1C3A24A2BADD922000A41FD /* Sources */ = {
			isa = PBXSourcesBuildPhase;
			buildActionMask = 2147483647;
			files = (
				A1C3A2562BADD922000A41FD /* LaunchViewController.swift in Sources */,
				A1C3A2522BADD922000A41FD /* AppDelegate.swift in Sources */,
				A13617592BAFBDE200113997 /* QurationUserInfoVC.swift in Sources */,
				A1CFB0BD2BAEEC3200BAABC8 /* RegisterUserReactor.swift in Sources */,
				A15C25C22BAFD812007AA1E7 /* TabBarVC.swift in Sources */,
				A1EE02492BAE7DC5008EE352 /* LoginReactor.swift in Sources */,
				A1CFB0BB2BAEEC1800BAABC8 /* RegisterUserView.swift in Sources */,
				A136175D2BAFBE1E00113997 /* QurtionUserInfoReactor.swift in Sources */,
				A1CFB0C42BAEF10800BAABC8 /* APIResponse.swift in Sources */,
				A1CFB0D12BAEFB7300BAABC8 /* User.swift in Sources */,
				A1EE02422BAE7C75008EE352 /* LoginVC.swift in Sources */,
				A1CFB0B92BAEEBF200BAABC8 /* RegisterUserVC.swift in Sources */,
				A1C3A2542BADD922000A41FD /* SceneDelegate.swift in Sources */,
				A1CFB0C62BAEF17700BAABC8 /* APIService.swift in Sources */,
				A136175B2BAFBE0C00113997 /* QurtionUserInfoView.swift in Sources */,
				A1CFB0BF2BAEECC700BAABC8 /* Constant.swift in Sources */,
				A1EE02442BAE7C7B008EE352 /* LoginView.swift in Sources */,
				A12D52272BAE82D4000B08D4 /* LoginService.swift in Sources */,
			);
			runOnlyForDeploymentPostprocessing = 0;
		};
		A1C3A2602BADD924000A41FD /* Sources */ = {
			isa = PBXSourcesBuildPhase;
			buildActionMask = 2147483647;
			files = (
				A1C3A2692BADD924000A41FD /* sonmongTests.swift in Sources */,
			);
			runOnlyForDeploymentPostprocessing = 0;
		};
		A1C3A26A2BADD924000A41FD /* Sources */ = {
			isa = PBXSourcesBuildPhase;
			buildActionMask = 2147483647;
			files = (
				A1C3A2752BADD924000A41FD /* sonmongUITestsLaunchTests.swift in Sources */,
				A1C3A2732BADD924000A41FD /* sonmongUITests.swift in Sources */,
			);
			runOnlyForDeploymentPostprocessing = 0;
		};
/* End PBXSourcesBuildPhase section */

/* Begin PBXTargetDependency section */
		A1C3A2662BADD924000A41FD /* PBXTargetDependency */ = {
			isa = PBXTargetDependency;
			target = A1C3A24D2BADD922000A41FD /* sonmong */;
			targetProxy = A1C3A2652BADD924000A41FD /* PBXContainerItemProxy */;
		};
		A1C3A2702BADD924000A41FD /* PBXTargetDependency */ = {
			isa = PBXTargetDependency;
			target = A1C3A24D2BADD922000A41FD /* sonmong */;
			targetProxy = A1C3A26F2BADD924000A41FD /* PBXContainerItemProxy */;
		};
/* End PBXTargetDependency section */

/* Begin PBXVariantGroup section */
		A1C3A25C2BADD923000A41FD /* LaunchScreen.storyboard */ = {
			isa = PBXVariantGroup;
			children = (
				A1C3A25D2BADD923000A41FD /* Base */,
			);
			name = LaunchScreen.storyboard;
			sourceTree = "<group>";
		};
/* End PBXVariantGroup section */

/* Begin XCBuildConfiguration section */
		A1C3A2762BADD924000A41FD /* Debug */ = {
			isa = XCBuildConfiguration;
			buildSettings = {
				ALWAYS_SEARCH_USER_PATHS = NO;
				ASSETCATALOG_COMPILER_GENERATE_SWIFT_ASSET_SYMBOL_EXTENSIONS = YES;
				CLANG_ANALYZER_NONNULL = YES;
				CLANG_ANALYZER_NUMBER_OBJECT_CONVERSION = YES_AGGRESSIVE;
				CLANG_CXX_LANGUAGE_STANDARD = "gnu++20";
				CLANG_ENABLE_MODULES = YES;
				CLANG_ENABLE_OBJC_ARC = YES;
				CLANG_ENABLE_OBJC_WEAK = YES;
				CLANG_WARN_BLOCK_CAPTURE_AUTORELEASING = YES;
				CLANG_WARN_BOOL_CONVERSION = YES;
				CLANG_WARN_COMMA = YES;
				CLANG_WARN_CONSTANT_CONVERSION = YES;
				CLANG_WARN_DEPRECATED_OBJC_IMPLEMENTATIONS = YES;
				CLANG_WARN_DIRECT_OBJC_ISA_USAGE = YES_ERROR;
				CLANG_WARN_DOCUMENTATION_COMMENTS = YES;
				CLANG_WARN_EMPTY_BODY = YES;
				CLANG_WARN_ENUM_CONVERSION = YES;
				CLANG_WARN_INFINITE_RECURSION = YES;
				CLANG_WARN_INT_CONVERSION = YES;
				CLANG_WARN_NON_LITERAL_NULL_CONVERSION = YES;
				CLANG_WARN_OBJC_IMPLICIT_RETAIN_SELF = YES;
				CLANG_WARN_OBJC_LITERAL_CONVERSION = YES;
				CLANG_WARN_OBJC_ROOT_CLASS = YES_ERROR;
				CLANG_WARN_QUOTED_INCLUDE_IN_FRAMEWORK_HEADER = YES;
				CLANG_WARN_RANGE_LOOP_ANALYSIS = YES;
				CLANG_WARN_STRICT_PROTOTYPES = YES;
				CLANG_WARN_SUSPICIOUS_MOVE = YES;
				CLANG_WARN_UNGUARDED_AVAILABILITY = YES_AGGRESSIVE;
				CLANG_WARN_UNREACHABLE_CODE = YES;
				CLANG_WARN__DUPLICATE_METHOD_MATCH = YES;
				COPY_PHASE_STRIP = NO;
				DEBUG_INFORMATION_FORMAT = dwarf;
				ENABLE_STRICT_OBJC_MSGSEND = YES;
				ENABLE_TESTABILITY = YES;
				ENABLE_USER_SCRIPT_SANDBOXING = YES;
				GCC_C_LANGUAGE_STANDARD = gnu17;
				GCC_DYNAMIC_NO_PIC = NO;
				GCC_NO_COMMON_BLOCKS = YES;
				GCC_OPTIMIZATION_LEVEL = 0;
				GCC_PREPROCESSOR_DEFINITIONS = (
					"DEBUG=1",
					"$(inherited)",
				);
				GCC_WARN_64_TO_32_BIT_CONVERSION = YES;
				GCC_WARN_ABOUT_RETURN_TYPE = YES_ERROR;
				GCC_WARN_UNDECLARED_SELECTOR = YES;
				GCC_WARN_UNINITIALIZED_AUTOS = YES_AGGRESSIVE;
				GCC_WARN_UNUSED_FUNCTION = YES;
				GCC_WARN_UNUSED_VARIABLE = YES;
				IPHONEOS_DEPLOYMENT_TARGET = 17.4;
				LOCALIZATION_PREFERS_STRING_CATALOGS = YES;
				MTL_ENABLE_DEBUG_INFO = INCLUDE_SOURCE;
				MTL_FAST_MATH = YES;
				ONLY_ACTIVE_ARCH = YES;
				SDKROOT = iphoneos;
				SWIFT_ACTIVE_COMPILATION_CONDITIONS = "DEBUG $(inherited)";
				SWIFT_OPTIMIZATION_LEVEL = "-Onone";
			};
			name = Debug;
		};
		A1C3A2772BADD924000A41FD /* Release */ = {
			isa = XCBuildConfiguration;
			buildSettings = {
				ALWAYS_SEARCH_USER_PATHS = NO;
				ASSETCATALOG_COMPILER_GENERATE_SWIFT_ASSET_SYMBOL_EXTENSIONS = YES;
				CLANG_ANALYZER_NONNULL = YES;
				CLANG_ANALYZER_NUMBER_OBJECT_CONVERSION = YES_AGGRESSIVE;
				CLANG_CXX_LANGUAGE_STANDARD = "gnu++20";
				CLANG_ENABLE_MODULES = YES;
				CLANG_ENABLE_OBJC_ARC = YES;
				CLANG_ENABLE_OBJC_WEAK = YES;
				CLANG_WARN_BLOCK_CAPTURE_AUTORELEASING = YES;
				CLANG_WARN_BOOL_CONVERSION = YES;
				CLANG_WARN_COMMA = YES;
				CLANG_WARN_CONSTANT_CONVERSION = YES;
				CLANG_WARN_DEPRECATED_OBJC_IMPLEMENTATIONS = YES;
				CLANG_WARN_DIRECT_OBJC_ISA_USAGE = YES_ERROR;
				CLANG_WARN_DOCUMENTATION_COMMENTS = YES;
				CLANG_WARN_EMPTY_BODY = YES;
				CLANG_WARN_ENUM_CONVERSION = YES;
				CLANG_WARN_INFINITE_RECURSION = YES;
				CLANG_WARN_INT_CONVERSION = YES;
				CLANG_WARN_NON_LITERAL_NULL_CONVERSION = YES;
				CLANG_WARN_OBJC_IMPLICIT_RETAIN_SELF = YES;
				CLANG_WARN_OBJC_LITERAL_CONVERSION = YES;
				CLANG_WARN_OBJC_ROOT_CLASS = YES_ERROR;
				CLANG_WARN_QUOTED_INCLUDE_IN_FRAMEWORK_HEADER = YES;
				CLANG_WARN_RANGE_LOOP_ANALYSIS = YES;
				CLANG_WARN_STRICT_PROTOTYPES = YES;
				CLANG_WARN_SUSPICIOUS_MOVE = YES;
				CLANG_WARN_UNGUARDED_AVAILABILITY = YES_AGGRESSIVE;
				CLANG_WARN_UNREACHABLE_CODE = YES;
				CLANG_WARN__DUPLICATE_METHOD_MATCH = YES;
				COPY_PHASE_STRIP = NO;
				DEBUG_INFORMATION_FORMAT = "dwarf-with-dsym";
				ENABLE_NS_ASSERTIONS = NO;
				ENABLE_STRICT_OBJC_MSGSEND = YES;
				ENABLE_USER_SCRIPT_SANDBOXING = YES;
				GCC_C_LANGUAGE_STANDARD = gnu17;
				GCC_NO_COMMON_BLOCKS = YES;
				GCC_WARN_64_TO_32_BIT_CONVERSION = YES;
				GCC_WARN_ABOUT_RETURN_TYPE = YES_ERROR;
				GCC_WARN_UNDECLARED_SELECTOR = YES;
				GCC_WARN_UNINITIALIZED_AUTOS = YES_AGGRESSIVE;
				GCC_WARN_UNUSED_FUNCTION = YES;
				GCC_WARN_UNUSED_VARIABLE = YES;
				IPHONEOS_DEPLOYMENT_TARGET = 17.4;
				LOCALIZATION_PREFERS_STRING_CATALOGS = YES;
				MTL_ENABLE_DEBUG_INFO = NO;
				MTL_FAST_MATH = YES;
				SDKROOT = iphoneos;
				SWIFT_COMPILATION_MODE = wholemodule;
				VALIDATE_PRODUCT = YES;
			};
			name = Release;
		};
		A1C3A2792BADD924000A41FD /* Debug */ = {
			isa = XCBuildConfiguration;
			buildSettings = {
				ASSETCATALOG_COMPILER_APPICON_NAME = AppIcon;
				ASSETCATALOG_COMPILER_GLOBAL_ACCENT_COLOR_NAME = AccentColor;
				CODE_SIGN_STYLE = Automatic;
				CURRENT_PROJECT_VERSION = 1;
				DEVELOPMENT_TEAM = T6HPMD6KD3;
				GENERATE_INFOPLIST_FILE = YES;
				INFOPLIST_FILE = sonmong/Info.plist;
				INFOPLIST_KEY_UIApplicationSupportsIndirectInputEvents = YES;
				INFOPLIST_KEY_UILaunchStoryboardName = LaunchScreen;
				INFOPLIST_KEY_UISupportedInterfaceOrientations_iPad = "UIInterfaceOrientationPortrait UIInterfaceOrientationPortraitUpsideDown UIInterfaceOrientationLandscapeLeft UIInterfaceOrientationLandscapeRight";
				INFOPLIST_KEY_UISupportedInterfaceOrientations_iPhone = "UIInterfaceOrientationPortrait UIInterfaceOrientationLandscapeLeft UIInterfaceOrientationLandscapeRight";
				LD_RUNPATH_SEARCH_PATHS = (
					"$(inherited)",
					"@executable_path/Frameworks",
				);
				MARKETING_VERSION = 1.0;
				PRODUCT_BUNDLE_IDENTIFIER = com.project.sonmong;
				PRODUCT_NAME = "$(TARGET_NAME)";
				SWIFT_EMIT_LOC_STRINGS = YES;
				SWIFT_VERSION = 5.0;
				TARGETED_DEVICE_FAMILY = "1,2";
			};
			name = Debug;
		};
		A1C3A27A2BADD924000A41FD /* Release */ = {
			isa = XCBuildConfiguration;
			buildSettings = {
				ASSETCATALOG_COMPILER_APPICON_NAME = AppIcon;
				ASSETCATALOG_COMPILER_GLOBAL_ACCENT_COLOR_NAME = AccentColor;
				CODE_SIGN_STYLE = Automatic;
				CURRENT_PROJECT_VERSION = 1;
				DEVELOPMENT_TEAM = T6HPMD6KD3;
				GENERATE_INFOPLIST_FILE = YES;
				INFOPLIST_FILE = sonmong/Info.plist;
				INFOPLIST_KEY_UIApplicationSupportsIndirectInputEvents = YES;
				INFOPLIST_KEY_UILaunchStoryboardName = LaunchScreen;
				INFOPLIST_KEY_UISupportedInterfaceOrientations_iPad = "UIInterfaceOrientationPortrait UIInterfaceOrientationPortraitUpsideDown UIInterfaceOrientationLandscapeLeft UIInterfaceOrientationLandscapeRight";
				INFOPLIST_KEY_UISupportedInterfaceOrientations_iPhone = "UIInterfaceOrientationPortrait UIInterfaceOrientationLandscapeLeft UIInterfaceOrientationLandscapeRight";
				LD_RUNPATH_SEARCH_PATHS = (
					"$(inherited)",
					"@executable_path/Frameworks",
				);
				MARKETING_VERSION = 1.0;
				PRODUCT_BUNDLE_IDENTIFIER = com.project.sonmong;
				PRODUCT_NAME = "$(TARGET_NAME)";
				SWIFT_EMIT_LOC_STRINGS = YES;
				SWIFT_VERSION = 5.0;
				TARGETED_DEVICE_FAMILY = "1,2";
			};
			name = Release;
		};
		A1C3A27C2BADD924000A41FD /* Debug */ = {
			isa = XCBuildConfiguration;
			buildSettings = {
				ALWAYS_EMBED_SWIFT_STANDARD_LIBRARIES = YES;
				BUNDLE_LOADER = "$(TEST_HOST)";
				CODE_SIGN_STYLE = Automatic;
				CURRENT_PROJECT_VERSION = 1;
				DEVELOPMENT_TEAM = T6HPMD6KD3;
				GENERATE_INFOPLIST_FILE = YES;
				IPHONEOS_DEPLOYMENT_TARGET = 17.4;
				MARKETING_VERSION = 1.0;
				PRODUCT_BUNDLE_IDENTIFIER = com.project.sonmongTests;
				PRODUCT_NAME = "$(TARGET_NAME)";
				SWIFT_EMIT_LOC_STRINGS = NO;
				SWIFT_VERSION = 5.0;
				TARGETED_DEVICE_FAMILY = "1,2";
				TEST_HOST = "$(BUILT_PRODUCTS_DIR)/sonmong.app/$(BUNDLE_EXECUTABLE_FOLDER_PATH)/sonmong";
			};
			name = Debug;
		};
		A1C3A27D2BADD924000A41FD /* Release */ = {
			isa = XCBuildConfiguration;
			buildSettings = {
				ALWAYS_EMBED_SWIFT_STANDARD_LIBRARIES = YES;
				BUNDLE_LOADER = "$(TEST_HOST)";
				CODE_SIGN_STYLE = Automatic;
				CURRENT_PROJECT_VERSION = 1;
				DEVELOPMENT_TEAM = T6HPMD6KD3;
				GENERATE_INFOPLIST_FILE = YES;
				IPHONEOS_DEPLOYMENT_TARGET = 17.4;
				MARKETING_VERSION = 1.0;
				PRODUCT_BUNDLE_IDENTIFIER = com.project.sonmongTests;
				PRODUCT_NAME = "$(TARGET_NAME)";
				SWIFT_EMIT_LOC_STRINGS = NO;
				SWIFT_VERSION = 5.0;
				TARGETED_DEVICE_FAMILY = "1,2";
				TEST_HOST = "$(BUILT_PRODUCTS_DIR)/sonmong.app/$(BUNDLE_EXECUTABLE_FOLDER_PATH)/sonmong";
			};
			name = Release;
		};
		A1C3A27F2BADD924000A41FD /* Debug */ = {
			isa = XCBuildConfiguration;
			buildSettings = {
				ALWAYS_EMBED_SWIFT_STANDARD_LIBRARIES = YES;
				CODE_SIGN_STYLE = Automatic;
				CURRENT_PROJECT_VERSION = 1;
				DEVELOPMENT_TEAM = T6HPMD6KD3;
				GENERATE_INFOPLIST_FILE = YES;
				MARKETING_VERSION = 1.0;
				PRODUCT_BUNDLE_IDENTIFIER = com.project.sonmongUITests;
				PRODUCT_NAME = "$(TARGET_NAME)";
				SWIFT_EMIT_LOC_STRINGS = NO;
				SWIFT_VERSION = 5.0;
				TARGETED_DEVICE_FAMILY = "1,2";
				TEST_TARGET_NAME = sonmong;
			};
			name = Debug;
		};
		A1C3A2802BADD924000A41FD /* Release */ = {
			isa = XCBuildConfiguration;
			buildSettings = {
				ALWAYS_EMBED_SWIFT_STANDARD_LIBRARIES = YES;
				CODE_SIGN_STYLE = Automatic;
				CURRENT_PROJECT_VERSION = 1;
				DEVELOPMENT_TEAM = T6HPMD6KD3;
				GENERATE_INFOPLIST_FILE = YES;
				MARKETING_VERSION = 1.0;
				PRODUCT_BUNDLE_IDENTIFIER = com.project.sonmongUITests;
				PRODUCT_NAME = "$(TARGET_NAME)";
				SWIFT_EMIT_LOC_STRINGS = NO;
				SWIFT_VERSION = 5.0;
				TARGETED_DEVICE_FAMILY = "1,2";
				TEST_TARGET_NAME = sonmong;
			};
			name = Release;
		};
/* End XCBuildConfiguration section */

/* Begin XCConfigurationList section */
		A1C3A2492BADD922000A41FD /* Build configuration list for PBXProject "sonmong" */ = {
			isa = XCConfigurationList;
			buildConfigurations = (
				A1C3A2762BADD924000A41FD /* Debug */,
				A1C3A2772BADD924000A41FD /* Release */,
			);
			defaultConfigurationIsVisible = 0;
			defaultConfigurationName = Release;
		};
		A1C3A2782BADD924000A41FD /* Build configuration list for PBXNativeTarget "sonmong" */ = {
			isa = XCConfigurationList;
			buildConfigurations = (
				A1C3A2792BADD924000A41FD /* Debug */,
				A1C3A27A2BADD924000A41FD /* Release */,
			);
			defaultConfigurationIsVisible = 0;
			defaultConfigurationName = Release;
		};
		A1C3A27B2BADD924000A41FD /* Build configuration list for PBXNativeTarget "sonmongTests" */ = {
			isa = XCConfigurationList;
			buildConfigurations = (
				A1C3A27C2BADD924000A41FD /* Debug */,
				A1C3A27D2BADD924000A41FD /* Release */,
			);
			defaultConfigurationIsVisible = 0;
			defaultConfigurationName = Release;
		};
		A1C3A27E2BADD924000A41FD /* Build configuration list for PBXNativeTarget "sonmongUITests" */ = {
			isa = XCConfigurationList;
			buildConfigurations = (
				A1C3A27F2BADD924000A41FD /* Debug */,
				A1C3A2802BADD924000A41FD /* Release */,
			);
			defaultConfigurationIsVisible = 0;
			defaultConfigurationName = Release;
		};
/* End XCConfigurationList section */

/* Begin XCRemoteSwiftPackageReference section */
		A12D52162BAE7F25000B08D4 /* XCRemoteSwiftPackageReference "ReactorKit" */ = {
			isa = XCRemoteSwiftPackageReference;
			repositoryURL = "https://github.com/ReactorKit/ReactorKit.git";
			requirement = {
				kind = upToNextMajorVersion;
				minimumVersion = 3.2.0;
			};
		};
		A12D52192BAE7F3E000B08D4 /* XCRemoteSwiftPackageReference "SnapKit" */ = {
			isa = XCRemoteSwiftPackageReference;
			repositoryURL = "https://github.com/SnapKit/SnapKit.git";
			requirement = {
				kind = upToNextMajorVersion;
				minimumVersion = 5.7.1;
			};
		};
		A12D521C2BAE7F4B000B08D4 /* XCRemoteSwiftPackageReference "RxSwift" */ = {
			isa = XCRemoteSwiftPackageReference;
			repositoryURL = "https://github.com/ReactiveX/RxSwift.git";
			requirement = {
				kind = upToNextMajorVersion;
				minimumVersion = 6.6.0;
			};
		};
		A12D52232BAE8296000B08D4 /* XCRemoteSwiftPackageReference "RxKeyboard" */ = {
			isa = XCRemoteSwiftPackageReference;
			repositoryURL = "https://github.com/RxSwiftCommunity/RxKeyboard.git";
			requirement = {
				kind = upToNextMajorVersion;
				minimumVersion = 2.0.1;
			};
		};
		A15C25BD2BAFD734007AA1E7 /* XCRemoteSwiftPackageReference "Alamofire" */ = {
			isa = XCRemoteSwiftPackageReference;
			repositoryURL = "https://github.com/Alamofire/Alamofire.git";
			requirement = {
				kind = upToNextMajorVersion;
				minimumVersion = 5.9.0;
			};
		};
		A1CFB0B52BAEEBAE00BAABC8 /* XCRemoteSwiftPackageReference "RxOptional" */ = {
			isa = XCRemoteSwiftPackageReference;
			repositoryURL = "https://github.com/RxSwiftCommunity/RxOptional.git";
			requirement = {
				kind = upToNextMajorVersion;
				minimumVersion = 5.0.5;
			};
		};
		A1CFB0C72BAEF4D500BAABC8 /* XCRemoteSwiftPackageReference "RxAlamofire" */ = {
			isa = XCRemoteSwiftPackageReference;
			repositoryURL = "https://github.com/RxSwiftCommunity/RxAlamofire.git";
			requirement = {
				kind = upToNextMajorVersion;
				minimumVersion = 6.1.1;
			};
		};
/* End XCRemoteSwiftPackageReference section */

/* Begin XCSwiftPackageProductDependency section */
		A12D52172BAE7F25000B08D4 /* ReactorKit */ = {
			isa = XCSwiftPackageProductDependency;
			package = A12D52162BAE7F25000B08D4 /* XCRemoteSwiftPackageReference "ReactorKit" */;
			productName = ReactorKit;
		};
		A12D521A2BAE7F3E000B08D4 /* SnapKit */ = {
			isa = XCSwiftPackageProductDependency;
			package = A12D52192BAE7F3E000B08D4 /* XCRemoteSwiftPackageReference "SnapKit" */;
			productName = SnapKit;
		};
		A12D521D2BAE7F4B000B08D4 /* RxBlocking */ = {
			isa = XCSwiftPackageProductDependency;
			package = A12D521C2BAE7F4B000B08D4 /* XCRemoteSwiftPackageReference "RxSwift" */;
			productName = RxBlocking;
		};
		A12D521F2BAE7F4B000B08D4 /* RxCocoa */ = {
			isa = XCSwiftPackageProductDependency;
			package = A12D521C2BAE7F4B000B08D4 /* XCRemoteSwiftPackageReference "RxSwift" */;
			productName = RxCocoa;
		};
		A12D52212BAE7F4B000B08D4 /* RxRelay */ = {
			isa = XCSwiftPackageProductDependency;
			package = A12D521C2BAE7F4B000B08D4 /* XCRemoteSwiftPackageReference "RxSwift" */;
			productName = RxRelay;
		};
		A12D52242BAE8296000B08D4 /* RxKeyboard */ = {
			isa = XCSwiftPackageProductDependency;
			package = A12D52232BAE8296000B08D4 /* XCRemoteSwiftPackageReference "RxKeyboard" */;
			productName = RxKeyboard;
		};
		A15C25BE2BAFD734007AA1E7 /* Alamofire */ = {
			isa = XCSwiftPackageProductDependency;
			package = A15C25BD2BAFD734007AA1E7 /* XCRemoteSwiftPackageReference "Alamofire" */;
			productName = Alamofire;
		};
		A1CFB0B62BAEEBAE00BAABC8 /* RxOptional */ = {
			isa = XCSwiftPackageProductDependency;
			package = A1CFB0B52BAEEBAE00BAABC8 /* XCRemoteSwiftPackageReference "RxOptional" */;
			productName = RxOptional;
		};
		A1CFB0C82BAEF4D500BAABC8 /* RxAlamofire */ = {
			isa = XCSwiftPackageProductDependency;
			package = A1CFB0C72BAEF4D500BAABC8 /* XCRemoteSwiftPackageReference "RxAlamofire" */;
			productName = RxAlamofire;
		};
/* End XCSwiftPackageProductDependency section */
	};
	rootObject = A1C3A2462BADD922000A41FD /* Project object */;
}
